
Microsoft Visual Studio Solution File, Format Version 12.00
# Visual Studio Version 16
VisualStudioVersion = 16.0.31624.102
MinimumVisualStudioVersion = 10.0.40219.1
Project("{9A19103F-16F7-4668-BE54-9A1E7A4F7556}") = "RomEndprojectAwApiRikun", "RomEndprojectAwApi\RomEndprojectAwApiRikun.csproj", "{83F3D996-F514-4C72-882A-5ED24AD3CEB9}"
EndProject
Global
	GlobalSection(SolutionConfigurationPlatforms) = preSolution
		Debug|Any CPU = Debug|Any CPU
		Release|Any CPU = Release|Any CPU
	EndGlobalSection
	GlobalSection(ProjectConfigurationPlatforms) = postSolution
		{83F3D996-F514-4C72-882A-5ED24AD3CEB9}.Debug|Any CPU.ActiveCfg = Debug|Any CPU
		{83F3D996-F514-4C72-882A-5ED24AD3CEB9}.Debug|Any CPU.Build.0 = Debug|Any CPU
		{83F3D996-F514-4C72-882A-5ED24AD3CEB9}.Release|Any CPU.ActiveCfg = Release|Any CPU
		{83F3D996-F514-4C72-882A-5ED24AD3CEB9}.Release|Any CPU.Build.0 = Release|Any CPU
	EndGlobalSection
	GlobalSection(SolutionProperties) = preSolution
		HideSolutionNode = FALSE
	EndGlobalSection
	GlobalSection(ExtensibilityGlobals) = postSolution
		SolutionGuid = {7B2E279E-CC4B-4BA5-8D56-53DE3738D2E1}
	EndGlobalSection
EndGlobal
